# This file is generated by running "yarn install" inside your project.
# Manual changes might be lost - proceed with caution!

__metadata:
  version: 4
  cacheKey: 7

"Polis@workspace:.":
  version: 0.0.0-use.local
  resolution: "Polis@workspace:."
  dependencies:
    stylus: ^0.54.8
  languageName: unknown
  linkType: soft

"atob@npm:^2.1.2":
  version: 2.1.2
  resolution: "atob@npm:2.1.2"
  bin:
    atob: bin/atob.js
  checksum: 597c0d1a740bb6522c98bea8fe362ae9420b4203af588d2bd470326d9abd4504264956b8355923d7019a21527ef5e6526a7b4455862ec5178ccd81e0ea289d5f
  languageName: node
  linkType: hard

"balanced-match@npm:^1.0.0":
  version: 1.0.0
  resolution: "balanced-match@npm:1.0.0"
  checksum: f515a605fe1b59f476f7477c5e1d53ad55b4f42982fca1d57b6701906f4ad1f1ac90fd6587d92cc1af2edb43eecf979214dd847ee410a6de9db4ebf0dd128d62
  languageName: node
  linkType: hard

"brace-expansion@npm:^1.1.7":
  version: 1.1.11
  resolution: "brace-expansion@npm:1.1.11"
  dependencies:
    balanced-match: ^1.0.0
    concat-map: 0.0.1
  checksum: 4c878e25e4858baf801945dfd63eb68feab2e502cf1122f25f3915c0e3bf397af3a93ff6bef0798db41c0d81ef28c08e55daac38058710f749a3b96eee6b8f40
  languageName: node
  linkType: hard

"concat-map@npm:0.0.1":
  version: 0.0.1
  resolution: "concat-map@npm:0.0.1"
  checksum: 554e28d9ee5aa6e061795473ee092cb3d3a2cbdb76c35416e0bb6e03f136d7d07676da387b2ed0ec4106cedbb6534080d9abc48ecc4a92b76406cf2d0c3c0c4b
  languageName: node
  linkType: hard

"css-parse@npm:~2.0.0":
  version: 2.0.0
  resolution: "css-parse@npm:2.0.0"
  dependencies:
    css: ^2.0.0
  checksum: 498ef14dbb9b5da4a8e49ef23861ed46cb5a5abc8a52d42e6f85d704d6978d29c5e94b6ce9ca2e5c577e8d93273eac9b60a6fcc474fbe288412a45a79d2008ea
  languageName: node
  linkType: hard

"css@npm:^2.0.0":
  version: 2.2.4
  resolution: "css@npm:2.2.4"
  dependencies:
    inherits: ^2.0.3
    source-map: ^0.6.1
    source-map-resolve: ^0.5.2
    urix: ^0.1.0
  checksum: b94365b3c07c35529beab95f679102c66d1027774c2e80f5179a6ee11ccc440046aeb7771df33569334bbdfd8ea753dd132197040dc079fcd881141348a1886f
  languageName: node
  linkType: hard

"debug@npm:~3.1.0":
  version: 3.1.0
  resolution: "debug@npm:3.1.0"
  dependencies:
    ms: 2.0.0
  checksum: 1295acd5e0531761255661d325cd0a80ac8c5f6de8942a53bb23c2197ccb97526972de662ed0e5d9393be83f3428a298a6e7185ecb02f0da6282019cd2ffb4a8
  languageName: node
  linkType: hard

"decode-uri-component@npm:^0.2.0":
  version: 0.2.0
  resolution: "decode-uri-component@npm:0.2.0"
  checksum: d8cb28c33f7b0a70b159b5fa126aee821ba090396689bd46ad2c423c3a658c504d2743ab18060fd5ed1cae5377bdd3632760a8e98ba920ff49637d43dc6a9687
  languageName: node
  linkType: hard

"fs.realpath@npm:^1.0.0":
  version: 1.0.0
  resolution: "fs.realpath@npm:1.0.0"
  checksum: 698a91b1695e3926185c9e5b0dd57cf687dceb4eb73799af91e6b2ab741735e2962c366c5af6403ffddae2619914193bd339efa706fdc984d0ffc74b7a3603f4
  languageName: node
  linkType: hard

"glob@npm:^7.1.6":
  version: 7.1.6
  resolution: "glob@npm:7.1.6"
  dependencies:
    fs.realpath: ^1.0.0
    inflight: ^1.0.4
    inherits: 2
    minimatch: ^3.0.4
    once: ^1.3.0
    path-is-absolute: ^1.0.0
  checksum: 789977b52432865bd63846da5c75a6efc2c56abdc0cb5ffcdb8e91eeb67a58fa5594c1195d18b2b4aff99675b0739ed6bd61024b26562e0cca18c8f993efdc82
  languageName: node
  linkType: hard

"inflight@npm:^1.0.4":
  version: 1.0.6
  resolution: "inflight@npm:1.0.6"
  dependencies:
    once: ^1.3.0
    wrappy: 1
  checksum: 17c53fc42cbe7f7f471d2bc41b97a0cde4b79a74d5ff59997d3f75210566fa278e17596da526d43de2bd07e222706240ce50e60097e54f2cde2e64cbbb372638
  languageName: node
  linkType: hard

"inherits@npm:2, inherits@npm:^2.0.3":
  version: 2.0.4
  resolution: "inherits@npm:2.0.4"
  checksum: 98426da247ddfc3dcd7d7daedd90c3ca32d5b08deca08949726f12d49232aef94772a07b36cf4ff833e105ae2ef931777f6de4a6dd8245a216b9299ad4a50bea
  languageName: node
  linkType: hard

"minimatch@npm:^3.0.4":
  version: 3.0.4
  resolution: "minimatch@npm:3.0.4"
  dependencies:
    brace-expansion: ^1.1.7
  checksum: 47eab9263962cacd5733e274ecad2d8e54b0f8e124ba35ae69189e296058f634a4967b87a98954f86fa5c830ff177caf827ce0136d28717ed3232951fb4fae62
  languageName: node
  linkType: hard

"mkdirp@npm:~1.0.4":
  version: 1.0.4
  resolution: "mkdirp@npm:1.0.4"
  bin:
    mkdirp: bin/cmd.js
  checksum: 1aa3a6a2d7514f094a91329ec09994f5d32d2955a4985ecbb3d86f2aaeafc4aa11521f98d606144c1d49cd9835004d9a73342709b8c692c92e59eacf37412468
  languageName: node
  linkType: hard

"ms@npm:2.0.0":
  version: 2.0.0
  resolution: "ms@npm:2.0.0"
  checksum: 1a230340cc7f322fbe916783d8c8d60455407c6b7fb7f901d6ee34eb272402302c5c7f070a97b8531245cbb4ca6a0a623f6a128d7e5a5440cefa2c669c0b35bb
  languageName: node
  linkType: hard

"once@npm:^1.3.0":
  version: 1.4.0
  resolution: "once@npm:1.4.0"
  dependencies:
    wrappy: 1
  checksum: 57afc246536cf6494437f982b26475f22bee860f8b77ce8eb1543f42a8bffe04b2c66ddfea9a16cb25ccb80943f8ee4fc639367ef97b7a6a4f2672eb573963f5
  languageName: node
  linkType: hard

"path-is-absolute@npm:^1.0.0":
  version: 1.0.1
  resolution: "path-is-absolute@npm:1.0.1"
  checksum: 907e1e3e6ac0aef6e65adffd75b3892191d76a5b94c5cf26b43667c4240531d11872ca6979c209b2e5e1609f7f579d02f64ba9936b48bb59d36cc529f0d965ed
  languageName: node
  linkType: hard

"resolve-url@npm:^0.2.1":
  version: 0.2.1
  resolution: "resolve-url@npm:0.2.1"
  checksum: 9e1cd0028d0f2e157a889a02653637c1c1d7f133aa47b75261b4590e84105e63fae3b6be31bad50d5b94e01898d9dbe6b95abe28db7eab46e22321f7cbf00273
  languageName: node
  linkType: hard

"safer-buffer@npm:^2.1.2":
  version: 2.1.2
  resolution: "safer-buffer@npm:2.1.2"
  checksum: 549ba83f5b314b59898efe3422120ce1ca7987a6eae5925a5fa5db930dc414d4a9dde0a5594f89638cd6ea60b6840ea961872908933ac2428d1726489db46fa5
  languageName: node
  linkType: hard

"sax@npm:~1.2.4":
  version: 1.2.4
  resolution: "sax@npm:1.2.4"
  checksum: 9d7668d69105e89e2c1a4b2fdc12c72e1a2f78b825f7b4a8a2ea5cdfebf70920bd17715bed55264c3b3959616a0695f8ad2d098bf6944fbd0953ee9c695dceef
  languageName: node
  linkType: hard

"semver@npm:^6.3.0":
  version: 6.3.0
  resolution: "semver@npm:6.3.0"
  bin:
    semver: ./bin/semver.js
  checksum: f0d155c06a67cc7e500c92d929339f1c6efd4ce9fe398aee6acc00a2333489cca0f5b4e76ee7292beba237fcca4b5a3d4a6153471f105f56299801bdab37289f
  languageName: node
  linkType: hard

"source-map-resolve@npm:^0.5.2":
  version: 0.5.3
  resolution: "source-map-resolve@npm:0.5.3"
  dependencies:
    atob: ^2.1.2
    decode-uri-component: ^0.2.0
    resolve-url: ^0.2.1
    source-map-url: ^0.4.0
    urix: ^0.1.0
  checksum: 042ad0c0ba70458ba45fc8726a4eb61068ca0a5273578994803e25fc0fb8da00854cf5004616c9b6d0cb7fcd528c50313789d75dfc56a2f5c789cbd332bf4331
  languageName: node
  linkType: hard

"source-map-url@npm:^0.4.0":
  version: 0.4.0
  resolution: "source-map-url@npm:0.4.0"
  checksum: 84d509cfa1f6f5e0d2a36e17b8097422954e3007fbe4b741c2f1ec91551ac5493ffa0c21862a54bb8e0d31701fe2cba1129aced695f515d35d375bfad755eb98
  languageName: node
  linkType: hard

"source-map@npm:^0.6.1":
  version: 0.6.1
  resolution: "source-map@npm:0.6.1"
  checksum: 8647829a0611724114022be455ca1c8a2c8ae61df81c5b3667d9b398207226a1e21174fb7bbf0b4dbeb27ac358222afb5a14f1c74a62a62b8883b012e5eb1270
  languageName: node
  linkType: hard

"source-map@npm:^0.7.3":
  version: 0.7.3
  resolution: "source-map@npm:0.7.3"
  checksum: 351ce26ffa1ebf203660c0d70d7566c81e65d2d994d1c2d94da140808e02da34961673ce12ecea9b40797b96fbeb8c70bf71a4ad9f779f1a4fdbba75530bb386
  languageName: node
  linkType: hard

"stylus@npm:^0.54.8":
  version: 0.54.8
  resolution: "stylus@npm:0.54.8"
  dependencies:
    css-parse: ~2.0.0
    debug: ~3.1.0
    glob: ^7.1.6
    mkdirp: ~1.0.4
    safer-buffer: ^2.1.2
    sax: ~1.2.4
    semver: ^6.3.0
    source-map: ^0.7.3
  bin:
    stylus: bin/stylus
  checksum: 563f0174fb24b384b100c335c2eb0b535c87c748950a70b75e26bf91dddd63e584484d60c9fcd8d6b74bfa605a4fbd2a85c87e537f0941f373e1c71c7cb9201e
  languageName: node
  linkType: hard

"urix@npm:^0.1.0":
  version: 0.1.0
  resolution: "urix@npm:0.1.0"
  checksum: 6bdfca4e7fb7d035537068a47a04ace1bacfa32e6b1aaf54c5a0340c83125a186d59109a19b9a3a1c1f986d3eb718b82faf9ad03d53cb99cf868068580b15b3b
  languageName: node
  linkType: hard

"wrappy@npm:1":
  version: 1.0.2
  resolution: "wrappy@npm:1.0.2"
  checksum: 519fcda0fcdf0c16327be2de9d98646742307bc830277e8868529fcf7566f2b330a6453c233e0cdcb767d5838dd61a90984a02ecc983bcddebea5ad0833bbf98
  languageName: node
  linkType: hard
